
Microsoft Visual Studio Solution File, Format Version 12.00
# Visual Studio Version 16
VisualStudioVersion = 16.0.31727.386
MinimumVisualStudioVersion = 10.0.40219.1
Project("{FAE04EC0-301F-11D3-BF4B-00C04F79EFBC}") = "ServerChatApp_20190140131_Satria Wirabuana M", "ServerChatApp_20190140131_Satria Wirabuana M\ServerChatApp_20190140131_Satria Wirabuana M.csproj", "{0B4C6172-F438-491D-B98C-4FABA9B10EB9}"
EndProject
Global
	GlobalSection(SolutionConfigurationPlatforms) = preSolution
		Debug|Any CPU = Debug|Any CPU
		Release|Any CPU = Release|Any CPU
	EndGlobalSection
	GlobalSection(ProjectConfigurationPlatforms) = postSolution
		{0B4C6172-F438-491D-B98C-4FABA9B10EB9}.Debug|Any CPU.ActiveCfg = Debug|Any CPU
		{0B4C6172-F438-491D-B98C-4FABA9B10EB9}.Debug|Any CPU.Build.0 = Debug|Any CPU
		{0B4C6172-F438-491D-B98C-4FABA9B10EB9}.Release|Any CPU.ActiveCfg = Release|Any CPU
		{0B4C6172-F438-491D-B98C-4FABA9B10EB9}.Release|Any CPU.Build.0 = Release|Any CPU
	EndGlobalSection
	GlobalSection(SolutionProperties) = preSolution
		HideSolutionNode = FALSE
	EndGlobalSection
	GlobalSection(ExtensibilityGlobals) = postSolution
		SolutionGuid = {45AB9D62-918F-4FC7-85EF-5AE4CB74790B}
	EndGlobalSection
EndGlobal
